
Microsoft Visual Studio Solution File, Format Version 12.00
# Visual Studio Version 16
VisualStudioVersion = 16.0.31613.86
MinimumVisualStudioVersion = 10.0.40219.1
Project("{FAE04EC0-301F-11D3-BF4B-00C04F79EFBC}") = "ReactAPI", "ReactAPI\ReactAPI.csproj", "{95529312-E002-48F9-B83C-A58FBD7848D1}"
EndProject
Global
	GlobalSection(SolutionConfigurationPlatforms) = preSolution
		Debug|Any CPU = Debug|Any CPU
		Release|Any CPU = Release|Any CPU
	EndGlobalSection
	GlobalSection(ProjectConfigurationPlatforms) = postSolution
		{95529312-E002-48F9-B83C-A58FBD7848D1}.Debug|Any CPU.ActiveCfg = Debug|Any CPU
		{95529312-E002-48F9-B83C-A58FBD7848D1}.Debug|Any CPU.Build.0 = Debug|Any CPU
		{95529312-E002-48F9-B83C-A58FBD7848D1}.Release|Any CPU.ActiveCfg = Release|Any CPU
		{95529312-E002-48F9-B83C-A58FBD7848D1}.Release|Any CPU.Build.0 = Release|Any CPU
	EndGlobalSection
	GlobalSection(SolutionProperties) = preSolution
		HideSolutionNode = FALSE
	EndGlobalSection
	GlobalSection(ExtensibilityGlobals) = postSolution
		SolutionGuid = {A4D70115-83D7-4A30-9BF4-E5F1D83ED448}
	EndGlobalSection
EndGlobal
